
Microsoft Visual Studio Solution File, Format Version 12.00
# Visual Studio Version 17
VisualStudioVersion = 17.11.35303.130
MinimumVisualStudioVersion = 10.0.40219.1
Project("{2150E333-8FDC-42A3-9474-1A3956D46DE8}") = "Task0", "Task0", "{71A1758E-1068-48D5-82BA-20746A74734A}"
EndProject
Project("{9A19103F-16F7-4668-BE54-9A1E7A4F7556}") = "Tyuiu.BerezovskayaGO.Sprint4.Task0.V12", "Tyuiu.BerezovskayaGO.Sprint4.Task0.V12\Tyuiu.BerezovskayaGO.Sprint4.Task0.V12.csproj", "{67746896-AF0F-4307-8D6E-3C649C5962F5}"
EndProject
Project("{9A19103F-16F7-4668-BE54-9A1E7A4F7556}") = "Tyuiu.BerezovskayaGO.Sprint4.Task0.V12.Lib", "Tyuiu.BerezovskayaGO.Sprint4.Task0.V12.Lib\Tyuiu.BerezovskayaGO.Sprint4.Task0.V12.Lib.csproj", "{7C95513D-0D75-4C87-A9B0-D0AA7E71F3AE}"
EndProject
Project("{9A19103F-16F7-4668-BE54-9A1E7A4F7556}") = "Tyuiu.BerezovskayaGO.Sprint4.Task0.V12.Test", "Tyuiu.BerezovskayaGO.Sprint4.Task0.V12.Test\Tyuiu.BerezovskayaGO.Sprint4.Task0.V12.Test.csproj", "{E08AAAD3-F64D-422C-BA33-A10328C40B43}"
EndProject
Project("{2150E333-8FDC-42A3-9474-1A3956D46DE8}") = "Task1", "Task1", "{7780E916-16BA-4340-A07E-5F0F27995A4A}"
EndProject
Project("{9A19103F-16F7-4668-BE54-9A1E7A4F7556}") = "Tyuiu.BerezovskayaGO.Sprint4.Task1.V29", "Tyuiu.BerezovskayaGO.Sprint4.Task1.V29\Tyuiu.BerezovskayaGO.Sprint4.Task1.V29.csproj", "{B42DC628-7425-490C-A90A-391D210403FE}"
EndProject
Project("{9A19103F-16F7-4668-BE54-9A1E7A4F7556}") = "Tyuiu.BerezovskayaGO.Sprint4.Task1.V29.Lib", "Tyuiu.BerezovskayaGO.Sprint4.Task1.V29.Lib\Tyuiu.BerezovskayaGO.Sprint4.Task1.V29.Lib.csproj", "{D245057E-9003-452F-87FC-858EC1A4271F}"
EndProject
Project("{9A19103F-16F7-4668-BE54-9A1E7A4F7556}") = "Tyuiu.BerezovskayaGO.Sprint4.Task1.V29.Test", "Tyuiu.BerezovskayaGO.Sprint4.Task1.V29.Test\Tyuiu.BerezovskayaGO.Sprint4.Task1.V29.Test.csproj", "{7612F9EB-ECE8-4B4A-8E4C-CA9B3B4A5616}"
EndProject
Project("{2150E333-8FDC-42A3-9474-1A3956D46DE8}") = "Task2", "Task2", "{988B8097-D204-46BF-A2AD-654BA2FC3528}"
EndProject
Project("{9A19103F-16F7-4668-BE54-9A1E7A4F7556}") = "Tyuiu.BerezovskayaGO.Sprint4.Task2.V17", "Tyuiu.BerezovskayaGO.Sprint4.Task2.V17\Tyuiu.BerezovskayaGO.Sprint4.Task2.V17.csproj", "{ED4A8C7E-1A69-414D-9778-575AC445DD3B}"
EndProject
Project("{9A19103F-16F7-4668-BE54-9A1E7A4F7556}") = "Tyuiu.BerezovskayaGO.Sprint4.Task2.V17.Lib", "Tyuiu.BerezovskayaGO.Sprint4.Task2.V17.Lib\Tyuiu.BerezovskayaGO.Sprint4.Task2.V17.Lib.csproj", "{97F335D9-2524-4E95-B3E7-0BC8B69DD8FB}"
EndProject
Project("{9A19103F-16F7-4668-BE54-9A1E7A4F7556}") = "Tyuiu.BerezovskayaGO.Sprint4.Task2.V17.Test", "Tyuiu.BerezovskayaGO.Sprint4.Task2.V17.Test\Tyuiu.BerezovskayaGO.Sprint4.Task2.V17.Test.csproj", "{E039A10D-BB14-4B12-9D94-6727BF622909}"
EndProject
Project("{2150E333-8FDC-42A3-9474-1A3956D46DE8}") = "Task3", "Task3", "{2F316818-C7B9-4040-BEB7-CFCBABDC26D4}"
EndProject
Project("{9A19103F-16F7-4668-BE54-9A1E7A4F7556}") = "Tyuiu.BerezovskayaGO.Sprint4.Task3.V27", "Tyuiu.BerezovskayaGO.Sprint4.Task3.V27\Tyuiu.BerezovskayaGO.Sprint4.Task3.V27.csproj", "{4EA39FD9-0D49-4D42-9492-4A3133B3882A}"
EndProject
Project("{9A19103F-16F7-4668-BE54-9A1E7A4F7556}") = "Tyuiu.BerezovskayaGO.Sprint4.Task3.V27.Lib", "Tyuiu.BerezovskayaGO.Sprint4.Task3.V27.Lib\Tyuiu.BerezovskayaGO.Sprint4.Task3.V27.Lib.csproj", "{941D26FF-1C62-4DC0-945B-94D94A0A98FD}"
EndProject
Project("{9A19103F-16F7-4668-BE54-9A1E7A4F7556}") = "Tyuiu.BerezovskayaGO.Sprint4.Task3.V27.Test", "Tyuiu.BerezovskayaGO.Sprint4.Task3.V27.Test\Tyuiu.BerezovskayaGO.Sprint4.Task3.V27.Test.csproj", "{8923939B-7F65-4377-B712-4632F6E8B77F}"
EndProject
Project("{2150E333-8FDC-42A3-9474-1A3956D46DE8}") = "Task4", "Task4", "{6B37578D-451C-4570-B1B6-467F7BCF8928}"
EndProject
Project("{9A19103F-16F7-4668-BE54-9A1E7A4F7556}") = "Tyuiu.BerezovskayaGO.Sprint4.Task4.V29", "Tyuiu.BerezovskayaGO.Sprint4.Task4.V29\Tyuiu.BerezovskayaGO.Sprint4.Task4.V29.csproj", "{1F56CC6E-8B45-49AE-A0EC-F2064E6A2316}"
EndProject
Project("{9A19103F-16F7-4668-BE54-9A1E7A4F7556}") = "Tyuiu.BerezovskayaGO.Sprint4.Task4.V29.Lib", "Tyuiu.BerezovskayaGO.Sprint4.Task4.V29.Lib\Tyuiu.BerezovskayaGO.Sprint4.Task4.V29.Lib.csproj", "{90A859E2-4D54-49AE-B233-6AFD37453B44}"
EndProject
Project("{9A19103F-16F7-4668-BE54-9A1E7A4F7556}") = "Tyuiu.BerezovskayaGO.Sprint4.Task4.V29.Test", "Tyuiu.BerezovskayaGO.Sprint4.Task4.V29.Test\Tyuiu.BerezovskayaGO.Sprint4.Task4.V29.Test.csproj", "{C1F022D3-0C4B-486F-BC33-8878945AA4FE}"
EndProject
Project("{2150E333-8FDC-42A3-9474-1A3956D46DE8}") = "Task5", "Task5", "{8ACCD05B-AA7C-4AD3-B995-77E958ED5E5E}"
EndProject
Project("{FAE04EC0-301F-11D3-BF4B-00C04F79EFBC}") = "Tyuiu.BerezovskayaGO.Sprint4.Task5.V24", "Tyuiu.BerezovskayaGO.Sprint4.Task5.V24\Tyuiu.BerezovskayaGO.Sprint4.Task5.V24.csproj", "{75212066-758D-43C8-B7D6-4188BB3B0B2F}"
EndProject
Project("{FAE04EC0-301F-11D3-BF4B-00C04F79EFBC}") = "Tyuiu.BerezovskayaGO.Sprint4.Task5.V24.Lib", "Tyuiu.BerezovskayaGO.Sprint4.Task5.V24.Lib\Tyuiu.BerezovskayaGO.Sprint4.Task5.V24.Lib.csproj", "{6537C7E3-A01A-4368-BC9A-2650AF96912D}"
EndProject
Project("{FAE04EC0-301F-11D3-BF4B-00C04F79EFBC}") = "Tyuiu.BerezovskayaGO.Sprint4.Task5.V24.Test", "Tyuiu.BerezovskayaGO.Sprint4.Task5.V24.Test\Tyuiu.BerezovskayaGO.Sprint4.Task5.V24.Test.csproj", "{41320F3D-3443-4BCD-B6D2-16923931061E}"
EndProject
Global
	GlobalSection(SolutionConfigurationPlatforms) = preSolution
		Debug|Any CPU = Debug|Any CPU
		Release|Any CPU = Release|Any CPU
	EndGlobalSection
	GlobalSection(ProjectConfigurationPlatforms) = postSolution
		{67746896-AF0F-4307-8D6E-3C649C5962F5}.Debug|Any CPU.ActiveCfg = Debug|Any CPU
		{67746896-AF0F-4307-8D6E-3C649C5962F5}.Debug|Any CPU.Build.0 = Debug|Any CPU
		{67746896-AF0F-4307-8D6E-3C649C5962F5}.Release|Any CPU.ActiveCfg = Release|Any CPU
		{67746896-AF0F-4307-8D6E-3C649C5962F5}.Release|Any CPU.Build.0 = Release|Any CPU
		{7C95513D-0D75-4C87-A9B0-D0AA7E71F3AE}.Debug|Any CPU.ActiveCfg = Debug|Any CPU
		{7C95513D-0D75-4C87-A9B0-D0AA7E71F3AE}.Debug|Any CPU.Build.0 = Debug|Any CPU
		{7C95513D-0D75-4C87-A9B0-D0AA7E71F3AE}.Release|Any CPU.ActiveCfg = Release|Any CPU
		{7C95513D-0D75-4C87-A9B0-D0AA7E71F3AE}.Release|Any CPU.Build.0 = Release|Any CPU
		{E08AAAD3-F64D-422C-BA33-A10328C40B43}.Debug|Any CPU.ActiveCfg = Debug|Any CPU
		{E08AAAD3-F64D-422C-BA33-A10328C40B43}.Debug|Any CPU.Build.0 = Debug|Any CPU
		{E08AAAD3-F64D-422C-BA33-A10328C40B43}.Release|Any CPU.ActiveCfg = Release|Any CPU
		{E08AAAD3-F64D-422C-BA33-A10328C40B43}.Release|Any CPU.Build.0 = Release|Any CPU
		{B42DC628-7425-490C-A90A-391D210403FE}.Debug|Any CPU.ActiveCfg = Debug|Any CPU
		{B42DC628-7425-490C-A90A-391D210403FE}.Debug|Any CPU.Build.0 = Debug|Any CPU
		{B42DC628-7425-490C-A90A-391D210403FE}.Release|Any CPU.ActiveCfg = Release|Any CPU
		{B42DC628-7425-490C-A90A-391D210403FE}.Release|Any CPU.Build.0 = Release|Any CPU
		{D245057E-9003-452F-87FC-858EC1A4271F}.Debug|Any CPU.ActiveCfg = Debug|Any CPU
		{D245057E-9003-452F-87FC-858EC1A4271F}.Debug|Any CPU.Build.0 = Debug|Any CPU
		{D245057E-9003-452F-87FC-858EC1A4271F}.Release|Any CPU.ActiveCfg = Release|Any CPU
		{D245057E-9003-452F-87FC-858EC1A4271F}.Release|Any CPU.Build.0 = Release|Any CPU
		{7612F9EB-ECE8-4B4A-8E4C-CA9B3B4A5616}.Debug|Any CPU.ActiveCfg = Debug|Any CPU
		{7612F9EB-ECE8-4B4A-8E4C-CA9B3B4A5616}.Debug|Any CPU.Build.0 = Debug|Any CPU
		{7612F9EB-ECE8-4B4A-8E4C-CA9B3B4A5616}.Release|Any CPU.ActiveCfg = Release|Any CPU
		{7612F9EB-ECE8-4B4A-8E4C-CA9B3B4A5616}.Release|Any CPU.Build.0 = Release|Any CPU
		{ED4A8C7E-1A69-414D-9778-575AC445DD3B}.Debug|Any CPU.ActiveCfg = Debug|Any CPU
		{ED4A8C7E-1A69-414D-9778-575AC445DD3B}.Debug|Any CPU.Build.0 = Debug|Any CPU
		{ED4A8C7E-1A69-414D-9778-575AC445DD3B}.Release|Any CPU.ActiveCfg = Release|Any CPU
		{ED4A8C7E-1A69-414D-9778-575AC445DD3B}.Release|Any CPU.Build.0 = Release|Any CPU
		{97F335D9-2524-4E95-B3E7-0BC8B69DD8FB}.Debug|Any CPU.ActiveCfg = Debug|Any CPU
		{97F335D9-2524-4E95-B3E7-0BC8B69DD8FB}.Debug|Any CPU.Build.0 = Debug|Any CPU
		{97F335D9-2524-4E95-B3E7-0BC8B69DD8FB}.Release|Any CPU.ActiveCfg = Release|Any CPU
		{97F335D9-2524-4E95-B3E7-0BC8B69DD8FB}.Release|Any CPU.Build.0 = Release|Any CPU
		{E039A10D-BB14-4B12-9D94-6727BF622909}.Debug|Any CPU.ActiveCfg = Debug|Any CPU
		{E039A10D-BB14-4B12-9D94-6727BF622909}.Debug|Any CPU.Build.0 = Debug|Any CPU
		{E039A10D-BB14-4B12-9D94-6727BF622909}.Release|Any CPU.ActiveCfg = Release|Any CPU
		{E039A10D-BB14-4B12-9D94-6727BF622909}.Release|Any CPU.Build.0 = Release|Any CPU
		{4EA39FD9-0D49-4D42-9492-4A3133B3882A}.Debug|Any CPU.ActiveCfg = Debug|Any CPU
		{4EA39FD9-0D49-4D42-9492-4A3133B3882A}.Debug|Any CPU.Build.0 = Debug|Any CPU
		{4EA39FD9-0D49-4D42-9492-4A3133B3882A}.Release|Any CPU.ActiveCfg = Release|Any CPU
		{4EA39FD9-0D49-4D42-9492-4A3133B3882A}.Release|Any CPU.Build.0 = Release|Any CPU
		{941D26FF-1C62-4DC0-945B-94D94A0A98FD}.Debug|Any CPU.ActiveCfg = Debug|Any CPU
		{941D26FF-1C62-4DC0-945B-94D94A0A98FD}.Debug|Any CPU.Build.0 = Debug|Any CPU
		{941D26FF-1C62-4DC0-945B-94D94A0A98FD}.Release|Any CPU.ActiveCfg = Release|Any CPU
		{941D26FF-1C62-4DC0-945B-94D94A0A98FD}.Release|Any CPU.Build.0 = Release|Any CPU
		{8923939B-7F65-4377-B712-4632F6E8B77F}.Debug|Any CPU.ActiveCfg = Debug|Any CPU
		{8923939B-7F65-4377-B712-4632F6E8B77F}.Debug|Any CPU.Build.0 = Debug|Any CPU
		{8923939B-7F65-4377-B712-4632F6E8B77F}.Release|Any CPU.ActiveCfg = Release|Any CPU
		{8923939B-7F65-4377-B712-4632F6E8B77F}.Release|Any CPU.Build.0 = Release|Any CPU
		{1F56CC6E-8B45-49AE-A0EC-F2064E6A2316}.Debug|Any CPU.ActiveCfg = Debug|Any CPU
		{1F56CC6E-8B45-49AE-A0EC-F2064E6A2316}.Debug|Any CPU.Build.0 = Debug|Any CPU
		{1F56CC6E-8B45-49AE-A0EC-F2064E6A2316}.Release|Any CPU.ActiveCfg = Release|Any CPU
		{1F56CC6E-8B45-49AE-A0EC-F2064E6A2316}.Release|Any CPU.Build.0 = Release|Any CPU
		{90A859E2-4D54-49AE-B233-6AFD37453B44}.Debug|Any CPU.ActiveCfg = Debug|Any CPU
		{90A859E2-4D54-49AE-B233-6AFD37453B44}.Debug|Any CPU.Build.0 = Debug|Any CPU
		{90A859E2-4D54-49AE-B233-6AFD37453B44}.Release|Any CPU.ActiveCfg = Release|Any CPU
		{90A859E2-4D54-49AE-B233-6AFD37453B44}.Release|Any CPU.Build.0 = Release|Any CPU
		{C1F022D3-0C4B-486F-BC33-8878945AA4FE}.Debug|Any CPU.ActiveCfg = Debug|Any CPU
		{C1F022D3-0C4B-486F-BC33-8878945AA4FE}.Debug|Any CPU.Build.0 = Debug|Any CPU
		{C1F022D3-0C4B-486F-BC33-8878945AA4FE}.Release|Any CPU.ActiveCfg = Release|Any CPU
		{C1F022D3-0C4B-486F-BC33-8878945AA4FE}.Release|Any CPU.Build.0 = Release|Any CPU
		{75212066-758D-43C8-B7D6-4188BB3B0B2F}.Debug|Any CPU.ActiveCfg = Debug|Any CPU
		{75212066-758D-43C8-B7D6-4188BB3B0B2F}.Debug|Any CPU.Build.0 = Debug|Any CPU
		{75212066-758D-43C8-B7D6-4188BB3B0B2F}.Release|Any CPU.ActiveCfg = Release|Any CPU
		{75212066-758D-43C8-B7D6-4188BB3B0B2F}.Release|Any CPU.Build.0 = Release|Any CPU
		{6537C7E3-A01A-4368-BC9A-2650AF96912D}.Debug|Any CPU.ActiveCfg = Debug|Any CPU
		{6537C7E3-A01A-4368-BC9A-2650AF96912D}.Debug|Any CPU.Build.0 = Debug|Any CPU
		{6537C7E3-A01A-4368-BC9A-2650AF96912D}.Release|Any CPU.ActiveCfg = Release|Any CPU
		{6537C7E3-A01A-4368-BC9A-2650AF96912D}.Release|Any CPU.Build.0 = Release|Any CPU
		{41320F3D-3443-4BCD-B6D2-16923931061E}.Debug|Any CPU.ActiveCfg = Debug|Any CPU
		{41320F3D-3443-4BCD-B6D2-16923931061E}.Debug|Any CPU.Build.0 = Debug|Any CPU
		{41320F3D-3443-4BCD-B6D2-16923931061E}.Release|Any CPU.ActiveCfg = Release|Any CPU
		{41320F3D-3443-4BCD-B6D2-16923931061E}.Release|Any CPU.Build.0 = Release|Any CPU
	EndGlobalSection
	GlobalSection(SolutionProperties) = preSolution
		HideSolutionNode = FALSE
	EndGlobalSection
	GlobalSection(NestedProjects) = preSolution
		{67746896-AF0F-4307-8D6E-3C649C5962F5} = {71A1758E-1068-48D5-82BA-20746A74734A}
		{7C95513D-0D75-4C87-A9B0-D0AA7E71F3AE} = {71A1758E-1068-48D5-82BA-20746A74734A}
		{E08AAAD3-F64D-422C-BA33-A10328C40B43} = {71A1758E-1068-48D5-82BA-20746A74734A}
		{B42DC628-7425-490C-A90A-391D210403FE} = {7780E916-16BA-4340-A07E-5F0F27995A4A}
		{D245057E-9003-452F-87FC-858EC1A4271F} = {7780E916-16BA-4340-A07E-5F0F27995A4A}
		{7612F9EB-ECE8-4B4A-8E4C-CA9B3B4A5616} = {7780E916-16BA-4340-A07E-5F0F27995A4A}
		{ED4A8C7E-1A69-414D-9778-575AC445DD3B} = {988B8097-D204-46BF-A2AD-654BA2FC3528}
		{97F335D9-2524-4E95-B3E7-0BC8B69DD8FB} = {988B8097-D204-46BF-A2AD-654BA2FC3528}
		{E039A10D-BB14-4B12-9D94-6727BF622909} = {988B8097-D204-46BF-A2AD-654BA2FC3528}
		{4EA39FD9-0D49-4D42-9492-4A3133B3882A} = {2F316818-C7B9-4040-BEB7-CFCBABDC26D4}
		{941D26FF-1C62-4DC0-945B-94D94A0A98FD} = {2F316818-C7B9-4040-BEB7-CFCBABDC26D4}
		{8923939B-7F65-4377-B712-4632F6E8B77F} = {2F316818-C7B9-4040-BEB7-CFCBABDC26D4}
		{1F56CC6E-8B45-49AE-A0EC-F2064E6A2316} = {6B37578D-451C-4570-B1B6-467F7BCF8928}
		{90A859E2-4D54-49AE-B233-6AFD37453B44} = {6B37578D-451C-4570-B1B6-467F7BCF8928}
		{C1F022D3-0C4B-486F-BC33-8878945AA4FE} = {6B37578D-451C-4570-B1B6-467F7BCF8928}
		{75212066-758D-43C8-B7D6-4188BB3B0B2F} = {8ACCD05B-AA7C-4AD3-B995-77E958ED5E5E}
		{6537C7E3-A01A-4368-BC9A-2650AF96912D} = {8ACCD05B-AA7C-4AD3-B995-77E958ED5E5E}
		{41320F3D-3443-4BCD-B6D2-16923931061E} = {8ACCD05B-AA7C-4AD3-B995-77E958ED5E5E}
	EndGlobalSection
	GlobalSection(ExtensibilityGlobals) = postSolution
		SolutionGuid = {C34DEE93-2B23-4ED2-9F4D-36C76614B28A}
	EndGlobalSection
EndGlobal
